{
  "name": "@wdio/vitaqai-service",
  "version": "1.0.43",
  "lockfileVersion": 1,
  "requires": true,
  "dependencies": {
    "bycontract": {
      "version": "2.0.10",
      "resolved": "https://registry.npmjs.org/bycontract/-/bycontract-2.0.10.tgz",
      "integrity": "sha512-94SJQQfZFXAfAoqxL4jQz0qBrKIiw9+NYFTUjteRGRGqUjPRBVq/NvUWAjeq9YvrifL2te6qo6k6MAId4thwDw=="
    }
  }
}
